
Microsoft Visual Studio Solution File, Format Version 12.00
# Visual Studio Version 17
VisualStudioVersion = 17.5.002.0
MinimumVisualStudioVersion = 10.0.40219.1
Project("{2150E333-8FDC-42A3-9474-1A3956D46DE8}") = "src", "src", "{3ACA479D-9ADC-4607-B1A7-9E8BA7F84BFC}"
EndProject
Project("{9A19103F-16F7-4668-BE54-9A1E7A4F7556}") = "MasterMode", "src\MasterMode\MasterMode.csproj", "{7DAF78B7-1139-4677-ADA5-C1A899D2DCB5}"
EndProject
Global
	GlobalSection(SolutionConfigurationPlatforms) = preSolution
		Debug|Any CPU = Debug|Any CPU
		Release|Any CPU = Release|Any CPU
	EndGlobalSection
	GlobalSection(ProjectConfigurationPlatforms) = postSolution
		{7DAF78B7-1139-4677-ADA5-C1A899D2DCB5}.Debug|Any CPU.ActiveCfg = Debug|Any CPU
		{7DAF78B7-1139-4677-ADA5-C1A899D2DCB5}.Debug|Any CPU.Build.0 = Debug|Any CPU
		{7DAF78B7-1139-4677-ADA5-C1A899D2DCB5}.Release|Any CPU.ActiveCfg = Release|Any CPU
		{7DAF78B7-1139-4677-ADA5-C1A899D2DCB5}.Release|Any CPU.Build.0 = Release|Any CPU
	EndGlobalSection
	GlobalSection(SolutionProperties) = preSolution
		HideSolutionNode = FALSE
	EndGlobalSection
	GlobalSection(NestedProjects) = preSolution
		{7DAF78B7-1139-4677-ADA5-C1A899D2DCB5} = {3ACA479D-9ADC-4607-B1A7-9E8BA7F84BFC}
	EndGlobalSection
	GlobalSection(ExtensibilityGlobals) = postSolution
		SolutionGuid = {92F6D475-68F0-44D6-A1AF-A28F5948E381}
	EndGlobalSection
EndGlobal
